
Microsoft Visual Studio Solution File, Format Version 12.00
# Visual Studio Version 16
VisualStudioVersion = 16.0.30717.126
MinimumVisualStudioVersion = 10.0.40219.1
Project("{FAE04EC0-301F-11D3-BF4B-00C04F79EFBC}") = "Souq.Models", "Souq.Models\Souq.Models.csproj", "{D76EA24E-B7C5-4BDD-8609-5E048513F976}"
EndProject
Project("{FAE04EC0-301F-11D3-BF4B-00C04F79EFBC}") = "Souq.Database", "Souq.Database\Souq.Database.csproj", "{9C14AF74-5E89-428C-9DCD-DACAC7A13BF0}"
EndProject
Project("{FAE04EC0-301F-11D3-BF4B-00C04F79EFBC}") = "Souq.Repository", "Souq.Repository\Souq.Repository.csproj", "{6E3A0FF0-43EA-4103-8F86-D52B9DE2EBC4}"
EndProject
Project("{FAE04EC0-301F-11D3-BF4B-00C04F79EFBC}") = "Souq.Service", "Souq.Service\Souq.Service.csproj", "{C400836A-FEE9-4C56-A7E6-29CBFA9F4012}"
EndProject
Project("{FAE04EC0-301F-11D3-BF4B-00C04F79EFBC}") = "Souq.ViewModels", "Souq.ViewModels\Souq.ViewModels.csproj", "{35456FB3-5572-47E8-8780-4BBA3AC3CFF8}"
EndProject
Project("{FAE04EC0-301F-11D3-BF4B-00C04F79EFBC}") = "Souq.API", "Souq.API\Souq.API.csproj", "{BB7CDA42-AF2D-4921-9B03-30F3531EC30F}"
EndProject
Global
	GlobalSection(SolutionConfigurationPlatforms) = preSolution
		Debug|Any CPU = Debug|Any CPU
		Release|Any CPU = Release|Any CPU
	EndGlobalSection
	GlobalSection(ProjectConfigurationPlatforms) = postSolution
		{D76EA24E-B7C5-4BDD-8609-5E048513F976}.Debug|Any CPU.ActiveCfg = Debug|Any CPU
		{D76EA24E-B7C5-4BDD-8609-5E048513F976}.Debug|Any CPU.Build.0 = Debug|Any CPU
		{D76EA24E-B7C5-4BDD-8609-5E048513F976}.Release|Any CPU.ActiveCfg = Release|Any CPU
		{D76EA24E-B7C5-4BDD-8609-5E048513F976}.Release|Any CPU.Build.0 = Release|Any CPU
		{9C14AF74-5E89-428C-9DCD-DACAC7A13BF0}.Debug|Any CPU.ActiveCfg = Debug|Any CPU
		{9C14AF74-5E89-428C-9DCD-DACAC7A13BF0}.Debug|Any CPU.Build.0 = Debug|Any CPU
		{9C14AF74-5E89-428C-9DCD-DACAC7A13BF0}.Release|Any CPU.ActiveCfg = Release|Any CPU
		{9C14AF74-5E89-428C-9DCD-DACAC7A13BF0}.Release|Any CPU.Build.0 = Release|Any CPU
		{6E3A0FF0-43EA-4103-8F86-D52B9DE2EBC4}.Debug|Any CPU.ActiveCfg = Debug|Any CPU
		{6E3A0FF0-43EA-4103-8F86-D52B9DE2EBC4}.Debug|Any CPU.Build.0 = Debug|Any CPU
		{6E3A0FF0-43EA-4103-8F86-D52B9DE2EBC4}.Release|Any CPU.ActiveCfg = Release|Any CPU
		{6E3A0FF0-43EA-4103-8F86-D52B9DE2EBC4}.Release|Any CPU.Build.0 = Release|Any CPU
		{C400836A-FEE9-4C56-A7E6-29CBFA9F4012}.Debug|Any CPU.ActiveCfg = Debug|Any CPU
		{C400836A-FEE9-4C56-A7E6-29CBFA9F4012}.Debug|Any CPU.Build.0 = Debug|Any CPU
		{C400836A-FEE9-4C56-A7E6-29CBFA9F4012}.Release|Any CPU.ActiveCfg = Release|Any CPU
		{C400836A-FEE9-4C56-A7E6-29CBFA9F4012}.Release|Any CPU.Build.0 = Release|Any CPU
		{35456FB3-5572-47E8-8780-4BBA3AC3CFF8}.Debug|Any CPU.ActiveCfg = Debug|Any CPU
		{35456FB3-5572-47E8-8780-4BBA3AC3CFF8}.Debug|Any CPU.Build.0 = Debug|Any CPU
		{35456FB3-5572-47E8-8780-4BBA3AC3CFF8}.Release|Any CPU.ActiveCfg = Release|Any CPU
		{35456FB3-5572-47E8-8780-4BBA3AC3CFF8}.Release|Any CPU.Build.0 = Release|Any CPU
		{BB7CDA42-AF2D-4921-9B03-30F3531EC30F}.Debug|Any CPU.ActiveCfg = Debug|Any CPU
		{BB7CDA42-AF2D-4921-9B03-30F3531EC30F}.Debug|Any CPU.Build.0 = Debug|Any CPU
		{BB7CDA42-AF2D-4921-9B03-30F3531EC30F}.Release|Any CPU.ActiveCfg = Release|Any CPU
		{BB7CDA42-AF2D-4921-9B03-30F3531EC30F}.Release|Any CPU.Build.0 = Release|Any CPU
	EndGlobalSection
	GlobalSection(SolutionProperties) = preSolution
		HideSolutionNode = FALSE
	EndGlobalSection
	GlobalSection(ExtensibilityGlobals) = postSolution
		SolutionGuid = {A774CE9B-2D1F-4FA5-8BA5-1E012CC8CA3B}
	EndGlobalSection
EndGlobal
